github.com/judwhite/go-svc v1.2.1 h1:a7fsJzYUa33sfDJRF2N/WXhA+LonCEEY8BJb1tuS5tA=
github.com/judwhite/go-svc v1.2.1/go.mod h1:mo/P2JNX8C07ywpP9YtO2gnBgnUiFTHqtsZekJrUuTk=
golang.org/x/sys v0.0.0-20210124154548-22da62e12c0c h1:VwygUrnw9jn88c4u8GD3rZQbqrP/tgas88tPUbBxQrk=
golang.org/x/sys v0.0.0-20210124154548-22da62e12c0c/go.mod h1:h1NjWce9XRLGQEsW7wpKNCjG9DtNlClVuFLEZdDNbEs=
golang.org/x/sys v0.2.0 h1:ljd4t30dBnAvMZaQCevtY0xLLD0A+bRZXbgLMLU1F/A=
golang.org/x/sys v0.2.0/go.mod h1:oPkhp1MJrh7nUepCBck5+mAzfO9JrbApNNgaTdGDITg=
